<?xml version="1.0" encoding="utf-8"?>
<Project ToolsVersion="4.0" xmlns="http://schemas.microsoft.com/developer/msbuild/2003">
  <ItemGroup>
    <Filter Include="Source Files">
      <UniqueIdentifier>{4FC737F1-C7A5-4376-A066-2A32D752A2FF}</UniqueIdentifier>
      <Extensions>cpp;c;cc;cxx;c++;cppm;ixx;def;odl;idl;hpj;bat;asm;asmx</Extensions>
    </Filter>
    <Filter Include="Header Files">
      <UniqueIdentifier>{93995380-89BD-4b04-88EB-625FBE52EBFB}</UniqueIdentifier>
      <Extensions>h;hh;hpp;hxx;h++;hm;inl;inc;ipp;xsd</Extensions>
    </Filter>
    <Filter Include="Resource Files">
      <UniqueIdentifier>{67DA6AB6-F800-4c08-8B7A-83BB121AAD01}</UniqueIdentifier>
      <Extensions>rc;ico;cur;bmp;dlg;rc2;rct;bin;rgs;gif;jpg;jpeg;jpe;resx;tiff;tif;png;wav;mfcribbon-ms</Extensions>
    </Filter>
    <Filter Include="Source Files\problem04_3_1">
      <UniqueIdentifier>{4be9379c-09d4-4af0-b65f-0e1e1b5104b4}</UniqueIdentifier>
    </Filter>
    <Filter Include="Source Files\problem04_3_2">
      <UniqueIdentifier>{fdd0b889-3220-455b-8001-e0e4dc29359d}</UniqueIdentifier>
    </Filter>
    <Filter Include="Source Files\04-4">
      <UniqueIdentifier>{09a89014-41f3-4551-871e-b7716a2bcefc}</UniqueIdentifier>
    </Filter>
  </ItemGroup>
  <ItemGroup>
    <ClInclude Include="Point.h">
      <Filter>Source Files\problem04_3_1</Filter>
    </ClInclude>
    <ClInclude Include="Circle.h">
      <Filter>Source Files\problem04_3_1</Filter>
    </ClInclude>
  </ItemGroup>
  <ItemGroup>
    <ClCompile Include="Ring.cpp">
      <Filter>Source Files\problem04_3_1</Filter>
    </ClCompile>
    <ClCompile Include="NameCard.cpp">
      <Filter>Source Files\problem04_3_2</Filter>
    </ClCompile>
    <ClCompile Include="ObjArr.cpp">
      <Filter>Source Files\04-4</Filter>
    </ClCompile>
    <ClCompile Include="PointerThis.cpp">
      <Filter>Source Files\04-4</Filter>
    </ClCompile>
  </ItemGroup>
</Project>